// !$*UTF8*$!
{
	archiveVersion = 1;
	classes = {
	};
	objectVersion = 54;
	objects = {

/* Begin PBXBuildFile section */
		1E9413D85DA827B7F182DC84 /* libPods-upwards-ios-challengeUITests.a in Frameworks */ = {isa = PBXBuildFile; fileRef = DD6E2FBCCA904AE4A6738E54 /* libPods-upwards-ios-challengeUITests.a */; };
		391B2AEB2D27187CC1EC6B21 /* libPods-upwards-ios-challengeTests.a in Frameworks */ = {isa = PBXBuildFile; fileRef = E572338FA0AACB1BDA16E356 /* libPods-upwards-ios-challengeTests.a */; };
		57F7207D2D2E0F6B00E79626 /* AppLog.swift in Sources */ = {isa = PBXBuildFile; fileRef = 57F7207C2D2E0F6B00E79626 /* AppLog.swift */; };
		57F7207F2D2E107100E79626 /* Result.swift in Sources */ = {isa = PBXBuildFile; fileRef = 57F7207E2D2E107100E79626 /* Result.swift */; };
		57F720812D2E160F00E79626 /* TopAlbumsView.swift in Sources */ = {isa = PBXBuildFile; fileRef = 57F720802D2E160F00E79626 /* TopAlbumsView.swift */; };
		57F720842D2E168C00E79626 /* TopAlbumsViewModel.swift in Sources */ = {isa = PBXBuildFile; fileRef = 57F720832D2E168C00E79626 /* TopAlbumsViewModel.swift */; };
		57F720872D2E179200E79626 /* AlbumsRepository.swift in Sources */ = {isa = PBXBuildFile; fileRef = 57F720862D2E179200E79626 /* AlbumsRepository.swift */; };
		57F7208F2D2E234100E79626 /* AlbumsRepositoryDataProvider.swift in Sources */ = {isa = PBXBuildFile; fileRef = 57F7208E2D2E234100E79626 /* AlbumsRepositoryDataProvider.swift */; };
		57F720912D2E35DA00E79626 /* AlbumCellView.swift in Sources */ = {isa = PBXBuildFile; fileRef = 57F720902D2E35DA00E79626 /* AlbumCellView.swift */; };
		57F720942D2F0A0A00E79626 /* SortOrder.swift in Sources */ = {isa = PBXBuildFile; fileRef = 57F720932D2F0A0800E79626 /* SortOrder.swift */; };
		57F720972D305BE800E79626 /* APIResponseDataObject.swift in Sources */ = {isa = PBXBuildFile; fileRef = 57F720962D305BE200E79626 /* APIResponseDataObject.swift */; };
		57F720992D306FFB00E79626 /* CachedAsyncImage.swift in Sources */ = {isa = PBXBuildFile; fileRef = 57F720982D306FF700E79626 /* CachedAsyncImage.swift */; };
		57F720AA2D31E3D700E79626 /* AlbumDetailView.swift in Sources */ = {isa = PBXBuildFile; fileRef = 57F720A92D31E3D000E79626 /* AlbumDetailView.swift */; };
		57F720AE2D31E87300E79626 /* View.swift in Sources */ = {isa = PBXBuildFile; fileRef = 57F720AD2D31E87300E79626 /* View.swift */; };
		57F720B22D31F68100E79626 /* Date.swift in Sources */ = {isa = PBXBuildFile; fileRef = 57F720B12D31F68100E79626 /* Date.swift */; };
		57F720B42D31F6D500E79626 /* DateExtensionTests.swift in Sources */ = {isa = PBXBuildFile; fileRef = 57F720B32D31F6D500E79626 /* DateExtensionTests.swift */; };
		57F720B62D31FE1C00E79626 /* AlbumTests.swift in Sources */ = {isa = PBXBuildFile; fileRef = 57F720B52D31FE1C00E79626 /* AlbumTests.swift */; };
		57F720B82D31FE7000E79626 /* Stubbable.swift in Sources */ = {isa = PBXBuildFile; fileRef = 57F720B72D31FE6C00E79626 /* Stubbable.swift */; };
		57F720BA2D3227AE00E79626 /* APIResponse.json in Resources */ = {isa = PBXBuildFile; fileRef = 57F720B92D3227A400E79626 /* APIResponse.json */; };
		57F720BC2D32282A00E79626 /* CodableHelper.swift in Sources */ = {isa = PBXBuildFile; fileRef = 57F720BB2D32282600E79626 /* CodableHelper.swift */; };
		57F720C02D322FCC00E79626 /* AlbumCellViewModel.swift in Sources */ = {isa = PBXBuildFile; fileRef = 57F720BF2D322FCC00E79626 /* AlbumCellViewModel.swift */; };
		CED2A3DE26EFA89C0093C1F3 /* Request.swift in Sources */ = {isa = PBXBuildFile; fileRef = CED2A3DD26EFA89C0093C1F3 /* Request.swift */; };
		CED2A3E426EFA9610093C1F3 /* ITunesAPI.swift in Sources */ = {isa = PBXBuildFile; fileRef = CED2A3E326EFA9610093C1F3 /* ITunesAPI.swift */; };
		CED2A3E626EFAA5C0093C1F3 /* Album.swift in Sources */ = {isa = PBXBuildFile; fileRef = CED2A3E526EFAA5C0093C1F3 /* Album.swift */; };
		CED2A3E826EFABD10093C1F3 /* APIRequest.swift in Sources */ = {isa = PBXBuildFile; fileRef = CED2A3E726EFABD10093C1F3 /* APIRequest.swift */; };
		CED2A3F526F017330093C1F3 /* Network.swift in Sources */ = {isa = PBXBuildFile; fileRef = CED2A3F426F017330093C1F3 /* Network.swift */; };
		CEE8744A26E818C000A269DA /* App.swift in Sources */ = {isa = PBXBuildFile; fileRef = CEE8744926E818C000A269DA /* App.swift */; };
		CEE8745326E818C500A269DA /* Assets.xcassets in Resources */ = {isa = PBXBuildFile; fileRef = CEE8745226E818C500A269DA /* Assets.xcassets */; };
		CEE8745626E818C500A269DA /* LaunchScreen.storyboard in Resources */ = {isa = PBXBuildFile; fileRef = CEE8745426E818C500A269DA /* LaunchScreen.storyboard */; };
		FAB9C2AB2AF5940900A3659D /* AlbumsRepositoryDataProviderTests.swift in Sources */ = {isa = PBXBuildFile; fileRef = FAB9C2AA2AF5940900A3659D /* AlbumsRepositoryDataProviderTests.swift */; };
		FAB9C2B82AF596DA00A3659D /* upwards_ios_challengeUITests.swift in Sources */ = {isa = PBXBuildFile; fileRef = FAB9C2B72AF596DA00A3659D /* upwards_ios_challengeUITests.swift */; };
		FAB9C2BA2AF596DA00A3659D /* upwards_ios_challengeUITestsLaunchTests.swift in Sources */ = {isa = PBXBuildFile; fileRef = FAB9C2B92AF596DA00A3659D /* upwards_ios_challengeUITestsLaunchTests.swift */; };
/* End PBXBuildFile section */

/* Begin PBXContainerItemProxy section */
		FAB9C2AC2AF5940900A3659D /* PBXContainerItemProxy */ = {
			isa = PBXContainerItemProxy;
			containerPortal = CEE8743E26E818C000A269DA /* Project object */;
			proxyType = 1;
			remoteGlobalIDString = CEE8744526E818C000A269DA;
			remoteInfo = "upwards-ios-challenge";
		};
		FAB9C2BB2AF596DA00A3659D /* PBXContainerItemProxy */ = {
			isa = PBXContainerItemProxy;
			containerPortal = CEE8743E26E818C000A269DA /* Project object */;
			proxyType = 1;
			remoteGlobalIDString = CEE8744526E818C000A269DA;
			remoteInfo = "upwards-ios-challenge";
		};
/* End PBXContainerItemProxy section */

/* Begin PBXFileReference section */
		42F40295B911CBA7E0AC67DE /* Pods-upwards-ios-challengeUITests.debug.xcconfig */ = {isa = PBXFileReference; includeInIndex = 1; lastKnownFileType = text.xcconfig; name = "Pods-upwards-ios-challengeUITests.debug.xcconfig"; path = "Target Support Files/Pods-upwards-ios-challengeUITests/Pods-upwards-ios-challengeUITests.debug.xcconfig"; sourceTree = "<group>"; };
		444B0ACF28AAD24A6C9D6748 /* Pods-upwards-ios-challengeUITests.release.xcconfig */ = {isa = PBXFileReference; includeInIndex = 1; lastKnownFileType = text.xcconfig; name = "Pods-upwards-ios-challengeUITests.release.xcconfig"; path = "Target Support Files/Pods-upwards-ios-challengeUITests/Pods-upwards-ios-challengeUITests.release.xcconfig"; sourceTree = "<group>"; };
		57F7207C2D2E0F6B00E79626 /* AppLog.swift */ = {isa = PBXFileReference; lastKnownFileType = sourcecode.swift; path = AppLog.swift; sourceTree = "<group>"; };
		57F7207E2D2E107100E79626 /* Result.swift */ = {isa = PBXFileReference; lastKnownFileType = sourcecode.swift; path = Result.swift; sourceTree = "<group>"; };
		57F720802D2E160F00E79626 /* TopAlbumsView.swift */ = {isa = PBXFileReference; lastKnownFileType = sourcecode.swift; path = TopAlbumsView.swift; sourceTree = "<group>"; };
		57F720832D2E168C00E79626 /* TopAlbumsViewModel.swift */ = {isa = PBXFileReference; lastKnownFileType = sourcecode.swift; path = TopAlbumsViewModel.swift; sourceTree = "<group>"; };
		57F720862D2E179200E79626 /* AlbumsRepository.swift */ = {isa = PBXFileReference; lastKnownFileType = sourcecode.swift; path = AlbumsRepository.swift; sourceTree = "<group>"; };
		57F720882D2E1E0100E79626 /* mockup.jpeg */ = {isa = PBXFileReference; lastKnownFileType = image.jpeg; path = mockup.jpeg; sourceTree = "<group>"; };
		57F720892D2E1E0100E79626 /* README.md */ = {isa = PBXFileReference; lastKnownFileType = net.daringfireball.markdown; path = README.md; sourceTree = "<group>"; };
		57F7208E2D2E234100E79626 /* AlbumsRepositoryDataProvider.swift */ = {isa = PBXFileReference; lastKnownFileType = sourcecode.swift; path = AlbumsRepositoryDataProvider.swift; sourceTree = "<group>"; };
		57F720902D2E35DA00E79626 /* AlbumCellView.swift */ = {isa = PBXFileReference; lastKnownFileType = sourcecode.swift; path = AlbumCellView.swift; sourceTree = "<group>"; };
		57F720932D2F0A0800E79626 /* SortOrder.swift */ = {isa = PBXFileReference; lastKnownFileType = sourcecode.swift; path = SortOrder.swift; sourceTree = "<group>"; };
		57F720962D305BE200E79626 /* APIResponseDataObject.swift */ = {isa = PBXFileReference; lastKnownFileType = sourcecode.swift; path = APIResponseDataObject.swift; sourceTree = "<group>"; };
		57F720982D306FF700E79626 /* CachedAsyncImage.swift */ = {isa = PBXFileReference; lastKnownFileType = sourcecode.swift; path = CachedAsyncImage.swift; sourceTree = "<group>"; };
		57F720A92D31E3D000E79626 /* AlbumDetailView.swift */ = {isa = PBXFileReference; lastKnownFileType = sourcecode.swift; path = AlbumDetailView.swift; sourceTree = "<group>"; };
		57F720AD2D31E87300E79626 /* View.swift */ = {isa = PBXFileReference; lastKnownFileType = sourcecode.swift; path = View.swift; sourceTree = "<group>"; };
		57F720B12D31F68100E79626 /* Date.swift */ = {isa = PBXFileReference; lastKnownFileType = sourcecode.swift; path = Date.swift; sourceTree = "<group>"; };
		57F720B32D31F6D500E79626 /* DateExtensionTests.swift */ = {isa = PBXFileReference; lastKnownFileType = sourcecode.swift; path = DateExtensionTests.swift; sourceTree = "<group>"; };
		57F720B52D31FE1C00E79626 /* AlbumTests.swift */ = {isa = PBXFileReference; lastKnownFileType = sourcecode.swift; path = AlbumTests.swift; sourceTree = "<group>"; };
		57F720B72D31FE6C00E79626 /* Stubbable.swift */ = {isa = PBXFileReference; lastKnownFileType = sourcecode.swift; path = Stubbable.swift; sourceTree = "<group>"; };
		57F720B92D3227A400E79626 /* APIResponse.json */ = {isa = PBXFileReference; lastKnownFileType = text.json; path = APIResponse.json; sourceTree = "<group>"; };
		57F720BB2D32282600E79626 /* CodableHelper.swift */ = {isa = PBXFileReference; lastKnownFileType = sourcecode.swift; path = CodableHelper.swift; sourceTree = "<group>"; };
		57F720BF2D322FCC00E79626 /* AlbumCellViewModel.swift */ = {isa = PBXFileReference; lastKnownFileType = sourcecode.swift; path = AlbumCellViewModel.swift; sourceTree = "<group>"; };
		57F720C52D3233EC00E79626 /* UnitTests.xctestplan */ = {isa = PBXFileReference; lastKnownFileType = text; path = UnitTests.xctestplan; sourceTree = "<group>"; };
		57F720C62D32340D00E79626 /* UITests.xctestplan */ = {isa = PBXFileReference; lastKnownFileType = text; path = UITests.xctestplan; sourceTree = "<group>"; };
		6BF2C92DCC29218ED3B71D0F /* Pods-upwards-ios-challengeTests.debug.xcconfig */ = {isa = PBXFileReference; includeInIndex = 1; lastKnownFileType = text.xcconfig; name = "Pods-upwards-ios-challengeTests.debug.xcconfig"; path = "Target Support Files/Pods-upwards-ios-challengeTests/Pods-upwards-ios-challengeTests.debug.xcconfig"; sourceTree = "<group>"; };
		CED2A3DD26EFA89C0093C1F3 /* Request.swift */ = {isa = PBXFileReference; lastKnownFileType = sourcecode.swift; path = Request.swift; sourceTree = "<group>"; };
		CED2A3E326EFA9610093C1F3 /* ITunesAPI.swift */ = {isa = PBXFileReference; lastKnownFileType = sourcecode.swift; path = ITunesAPI.swift; sourceTree = "<group>"; };
		CED2A3E526EFAA5C0093C1F3 /* Album.swift */ = {isa = PBXFileReference; lastKnownFileType = sourcecode.swift; path = Album.swift; sourceTree = "<group>"; };
		CED2A3E726EFABD10093C1F3 /* APIRequest.swift */ = {isa = PBXFileReference; lastKnownFileType = sourcecode.swift; path = APIRequest.swift; sourceTree = "<group>"; };
		CED2A3F426F017330093C1F3 /* Network.swift */ = {isa = PBXFileReference; lastKnownFileType = sourcecode.swift; path = Network.swift; sourceTree = "<group>"; };
		CEE8744626E818C000A269DA /* upwards-ios-challenge.app */ = {isa = PBXFileReference; explicitFileType = wrapper.application; includeInIndex = 0; path = "upwards-ios-challenge.app"; sourceTree = BUILT_PRODUCTS_DIR; };
		CEE8744926E818C000A269DA /* App.swift */ = {isa = PBXFileReference; lastKnownFileType = sourcecode.swift; path = App.swift; sourceTree = "<group>"; };
		CEE8745226E818C500A269DA /* Assets.xcassets */ = {isa = PBXFileReference; lastKnownFileType = folder.assetcatalog; path = Assets.xcassets; sourceTree = "<group>"; };
		CEE8745526E818C500A269DA /* Base */ = {isa = PBXFileReference; lastKnownFileType = file.storyboard; name = Base; path = Base.lproj/LaunchScreen.storyboard; sourceTree = "<group>"; };
		CEE8745726E818C500A269DA /* Info.plist */ = {isa = PBXFileReference; lastKnownFileType = text.plist.xml; path = Info.plist; sourceTree = "<group>"; };
		DD6E2FBCCA904AE4A6738E54 /* libPods-upwards-ios-challengeUITests.a */ = {isa = PBXFileReference; explicitFileType = archive.ar; includeInIndex = 0; path = "libPods-upwards-ios-challengeUITests.a"; sourceTree = BUILT_PRODUCTS_DIR; };
		E572338FA0AACB1BDA16E356 /* libPods-upwards-ios-challengeTests.a */ = {isa = PBXFileReference; explicitFileType = archive.ar; includeInIndex = 0; path = "libPods-upwards-ios-challengeTests.a"; sourceTree = BUILT_PRODUCTS_DIR; };
		EDAFDB70922D5A3ABA97F815 /* Pods-upwards-ios-challengeTests.release.xcconfig */ = {isa = PBXFileReference; includeInIndex = 1; lastKnownFileType = text.xcconfig; name = "Pods-upwards-ios-challengeTests.release.xcconfig"; path = "Target Support Files/Pods-upwards-ios-challengeTests/Pods-upwards-ios-challengeTests.release.xcconfig"; sourceTree = "<group>"; };
		FAB9C2A82AF5940900A3659D /* upwards-ios-challengeTests.xctest */ = {isa = PBXFileReference; explicitFileType = wrapper.cfbundle; includeInIndex = 0; path = "upwards-ios-challengeTests.xctest"; sourceTree = BUILT_PRODUCTS_DIR; };
		FAB9C2AA2AF5940900A3659D /* AlbumsRepositoryDataProviderTests.swift */ = {isa = PBXFileReference; lastKnownFileType = sourcecode.swift; path = AlbumsRepositoryDataProviderTests.swift; sourceTree = "<group>"; };
		FAB9C2B52AF596DA00A3659D /* upwards-ios-challengeUITests.xctest */ = {isa = PBXFileReference; explicitFileType = wrapper.cfbundle; includeInIndex = 0; path = "upwards-ios-challengeUITests.xctest"; sourceTree = BUILT_PRODUCTS_DIR; };
		FAB9C2B72AF596DA00A3659D /* upwards_ios_challengeUITests.swift */ = {isa = PBXFileReference; lastKnownFileType = sourcecode.swift; path = upwards_ios_challengeUITests.swift; sourceTree = "<group>"; };
		FAB9C2B92AF596DA00A3659D /* upwards_ios_challengeUITestsLaunchTests.swift */ = {isa = PBXFileReference; lastKnownFileType = sourcecode.swift; path = upwards_ios_challengeUITestsLaunchTests.swift; sourceTree = "<group>"; };
/* End PBXFileReference section */

/* Begin PBXFrameworksBuildPhase section */
		CEE8744326E818C000A269DA /* Frameworks */ = {
			isa = PBXFrameworksBuildPhase;
			buildActionMask = 2147483647;
			files = (
			);
			runOnlyForDeploymentPostprocessing = 0;
		};
		FAB9C2A52AF5940900A3659D /* Frameworks */ = {
			isa = PBXFrameworksBuildPhase;
			buildActionMask = 2147483647;
			files = (
				391B2AEB2D27187CC1EC6B21 /* libPods-upwards-ios-challengeTests.a in Frameworks */,
			);
			runOnlyForDeploymentPostprocessing = 0;
		};
		FAB9C2B22AF596DA00A3659D /* Frameworks */ = {
			isa = PBXFrameworksBuildPhase;
			buildActionMask = 2147483647;
			files = (
				1E9413D85DA827B7F182DC84 /* libPods-upwards-ios-challengeUITests.a in Frameworks */,
			);
			runOnlyForDeploymentPostprocessing = 0;
		};
/* End PBXFrameworksBuildPhase section */

/* Begin PBXGroup section */
		030945C0B850AF45BE545A46 /* Frameworks */ = {
			isa = PBXGroup;
			children = (
				E572338FA0AACB1BDA16E356 /* libPods-upwards-ios-challengeTests.a */,
				DD6E2FBCCA904AE4A6738E54 /* libPods-upwards-ios-challengeUITests.a */,
			);
			name = Frameworks;
			sourceTree = "<group>";
		};
		57F7207B2D2E0F6300E79626 /* Utility */ = {
			isa = PBXGroup;
			children = (
				57F7207C2D2E0F6B00E79626 /* AppLog.swift */,
				57F7207E2D2E107100E79626 /* Result.swift */,
			);
			path = Utility;
			sourceTree = "<group>";
		};
		57F720822D2E167800E79626 /* ViewModel */ = {
			isa = PBXGroup;
			children = (
				57F720832D2E168C00E79626 /* TopAlbumsViewModel.swift */,
				57F720BF2D322FCC00E79626 /* AlbumCellViewModel.swift */,
			);
			path = ViewModel;
			sourceTree = "<group>";
		};
		57F720852D2E177E00E79626 /* Model */ = {
			isa = PBXGroup;
			children = (
				57F720862D2E179200E79626 /* AlbumsRepository.swift */,
				57F7208E2D2E234100E79626 /* AlbumsRepositoryDataProvider.swift */,
				57F720B92D3227A400E79626 /* APIResponse.json */,
				57F720BB2D32282600E79626 /* CodableHelper.swift */,
				CED2A3E226EFA9450093C1F3 /* API */,
				CED2A3DC26EFA87F0093C1F3 /* Network */,
				CED2A3DB26EFA84A0093C1F3 /* Domain */,
			);
			path = Model;
			sourceTree = "<group>";
		};
		57F7208A2D2E1E0100E79626 /* docs */ = {
			isa = PBXGroup;
			children = (
				57F720882D2E1E0100E79626 /* mockup.jpeg */,
				57F720892D2E1E0100E79626 /* README.md */,
			);
			path = docs;
			sourceTree = "<group>";
		};
		57F7208B2D2E1EB300E79626 /* Extensions */ = {
			isa = PBXGroup;
			children = (
				57F720B12D31F68100E79626 /* Date.swift */,
			);
			path = Extensions;
			sourceTree = "<group>";
		};
		57F7209A2D3076CC00E79626 /* Assets */ = {
			isa = PBXGroup;
			children = (
				CEE8745226E818C500A269DA /* Assets.xcassets */,
				CEE8745426E818C500A269DA /* LaunchScreen.storyboard */,
			);
			path = Assets;
			sourceTree = "<group>";
		};
		6D7BF40796677D5D7A4B7098 /* Pods */ = {
			isa = PBXGroup;
			children = (
				6BF2C92DCC29218ED3B71D0F /* Pods-upwards-ios-challengeTests.debug.xcconfig */,
				EDAFDB70922D5A3ABA97F815 /* Pods-upwards-ios-challengeTests.release.xcconfig */,
				42F40295B911CBA7E0AC67DE /* Pods-upwards-ios-challengeUITests.debug.xcconfig */,
				444B0ACF28AAD24A6C9D6748 /* Pods-upwards-ios-challengeUITests.release.xcconfig */,
			);
			path = Pods;
			sourceTree = "<group>";
		};
		CED2A3DB26EFA84A0093C1F3 /* Domain */ = {
			isa = PBXGroup;
			children = (
				57F720962D305BE200E79626 /* APIResponseDataObject.swift */,
				CED2A3E526EFAA5C0093C1F3 /* Album.swift */,
				57F720932D2F0A0800E79626 /* SortOrder.swift */,
			);
			path = Domain;
			sourceTree = "<group>";
		};
		CED2A3DC26EFA87F0093C1F3 /* Network */ = {
			isa = PBXGroup;
			children = (
				CED2A3DD26EFA89C0093C1F3 /* Request.swift */,
			);
			path = Network;
			sourceTree = "<group>";
		};
		CED2A3E226EFA9450093C1F3 /* API */ = {
			isa = PBXGroup;
			children = (
				CED2A3E326EFA9610093C1F3 /* ITunesAPI.swift */,
				CED2A3E726EFABD10093C1F3 /* APIRequest.swift */,
				CED2A3F426F017330093C1F3 /* Network.swift */,
			);
			path = API;
			sourceTree = "<group>";
		};
		CED2A3ED26F000BF0093C1F3 /* View */ = {
			isa = PBXGroup;
			children = (
				CEE8744926E818C000A269DA /* App.swift */,
				57F720802D2E160F00E79626 /* TopAlbumsView.swift */,
				57F720902D2E35DA00E79626 /* AlbumCellView.swift */,
				57F720A92D31E3D000E79626 /* AlbumDetailView.swift */,
				57F720982D306FF700E79626 /* CachedAsyncImage.swift */,
				57F720AD2D31E87300E79626 /* View.swift */,
			);
			path = View;
			sourceTree = "<group>";
		};
		CEE8743D26E818C000A269DA = {
			isa = PBXGroup;
			children = (
				57F7208A2D2E1E0100E79626 /* docs */,
				CEE8744826E818C000A269DA /* upwards-ios-challenge */,
				FAB9C2A92AF5940900A3659D /* upwards-ios-challengeTests */,
				FAB9C2B62AF596DA00A3659D /* upwards-ios-challengeUITests */,
				CEE8744726E818C000A269DA /* Products */,
				6D7BF40796677D5D7A4B7098 /* Pods */,
				030945C0B850AF45BE545A46 /* Frameworks */,
			);
			sourceTree = "<group>";
		};
		CEE8744726E818C000A269DA /* Products */ = {
			isa = PBXGroup;
			children = (
				CEE8744626E818C000A269DA /* upwards-ios-challenge.app */,
				FAB9C2A82AF5940900A3659D /* upwards-ios-challengeTests.xctest */,
				FAB9C2B52AF596DA00A3659D /* upwards-ios-challengeUITests.xctest */,
			);
			name = Products;
			sourceTree = "<group>";
		};
		CEE8744826E818C000A269DA /* upwards-ios-challenge */ = {
			isa = PBXGroup;
			children = (
				57F720852D2E177E00E79626 /* Model */,
				CED2A3ED26F000BF0093C1F3 /* View */,
				57F720822D2E167800E79626 /* ViewModel */,
				57F7208B2D2E1EB300E79626 /* Extensions */,
				57F7207B2D2E0F6300E79626 /* Utility */,
				57F7209A2D3076CC00E79626 /* Assets */,
				CEE8745726E818C500A269DA /* Info.plist */,
				57F720C52D3233EC00E79626 /* UnitTests.xctestplan */,
				57F720C62D32340D00E79626 /* UITests.xctestplan */,
			);
			path = "upwards-ios-challenge";
			sourceTree = "<group>";
		};
		FAB9C2A92AF5940900A3659D /* upwards-ios-challengeTests */ = {
			isa = PBXGroup;
			children = (
				FAB9C2AA2AF5940900A3659D /* AlbumsRepositoryDataProviderTests.swift */,
				57F720B72D31FE6C00E79626 /* Stubbable.swift */,
				57F720B32D31F6D500E79626 /* DateExtensionTests.swift */,
				57F720B52D31FE1C00E79626 /* AlbumTests.swift */,
			);
			path = "upwards-ios-challengeTests";
			sourceTree = "<group>";
		};
		FAB9C2B62AF596DA00A3659D /* upwards-ios-challengeUITests */ = {
			isa = PBXGroup;
			children = (
				FAB9C2B72AF596DA00A3659D /* upwards_ios_challengeUITests.swift */,
				FAB9C2B92AF596DA00A3659D /* upwards_ios_challengeUITestsLaunchTests.swift */,
			);
			path = "upwards-ios-challengeUITests";
			sourceTree = "<group>";
		};
/* End PBXGroup section */

/* Begin PBXNativeTarget section */
		CEE8744526E818C000A269DA /* upwards-ios-challenge */ = {
			isa = PBXNativeTarget;
			buildConfigurationList = CEE8745A26E818C500A269DA /* Build configuration list for PBXNativeTarget "upwards-ios-challenge" */;
			buildPhases = (
				CEE8744226E818C000A269DA /* Sources */,
				CEE8744326E818C000A269DA /* Frameworks */,
				CEE8744426E818C000A269DA /* Resources */,
			);
			buildRules = (
			);
			dependencies = (
			);
			name = "upwards-ios-challenge";
			productName = "upwards-ios-challenge";
			productReference = CEE8744626E818C000A269DA /* upwards-ios-challenge.app */;
			productType = "com.apple.product-type.application";
		};
		FAB9C2A72AF5940900A3659D /* upwards-ios-challengeTests */ = {
			isa = PBXNativeTarget;
			buildConfigurationList = FAB9C2B02AF5940900A3659D /* Build configuration list for PBXNativeTarget "upwards-ios-challengeTests" */;
			buildPhases = (
				8107CF4D63E57206E6A5F6E2 /* [CP] Check Pods Manifest.lock */,
				FAB9C2A42AF5940900A3659D /* Sources */,
				FAB9C2A52AF5940900A3659D /* Frameworks */,
				FAB9C2A62AF5940900A3659D /* Resources */,
				E2696E0804F1A732FC139B15 /* [CP] Copy Pods Resources */,
			);
			buildRules = (
			);
			dependencies = (
				FAB9C2AD2AF5940900A3659D /* PBXTargetDependency */,
			);
			name = "upwards-ios-challengeTests";
			productName = "upwards-ios-challengeTests";
			productReference = FAB9C2A82AF5940900A3659D /* upwards-ios-challengeTests.xctest */;
			productType = "com.apple.product-type.bundle.unit-test";
		};
		FAB9C2B42AF596DA00A3659D /* upwards-ios-challengeUITests */ = {
			isa = PBXNativeTarget;
			buildConfigurationList = FAB9C2BD2AF596DA00A3659D /* Build configuration list for PBXNativeTarget "upwards-ios-challengeUITests" */;
			buildPhases = (
				92E45104B8A023311C594FB9 /* [CP] Check Pods Manifest.lock */,
				FAB9C2B12AF596DA00A3659D /* Sources */,
				FAB9C2B22AF596DA00A3659D /* Frameworks */,
				FAB9C2B32AF596DA00A3659D /* Resources */,
			);
			buildRules = (
			);
			dependencies = (
				FAB9C2BC2AF596DA00A3659D /* PBXTargetDependency */,
			);
			name = "upwards-ios-challengeUITests";
			productName = "upwards-ios-challengeUITests";
			productReference = FAB9C2B52AF596DA00A3659D /* upwards-ios-challengeUITests.xctest */;
			productType = "com.apple.product-type.bundle.ui-testing";
		};
/* End PBXNativeTarget section */

/* Begin PBXProject section */
		CEE8743E26E818C000A269DA /* Project object */ = {
			isa = PBXProject;
			attributes = {
				BuildIndependentTargetsInParallel = YES;
				LastSwiftUpdateCheck = 1430;
				LastUpgradeCheck = 1620;
				TargetAttributes = {
					CEE8744526E818C000A269DA = {
						CreatedOnToolsVersion = 12.5.1;
					};
					FAB9C2A72AF5940900A3659D = {
						CreatedOnToolsVersion = 14.3.1;
						TestTargetID = CEE8744526E818C000A269DA;
					};
					FAB9C2B42AF596DA00A3659D = {
						CreatedOnToolsVersion = 14.3.1;
						TestTargetID = CEE8744526E818C000A269DA;
					};
				};
			};
			buildConfigurationList = CEE8744126E818C000A269DA /* Build configuration list for PBXProject "upwards-ios-challenge" */;
			compatibilityVersion = "Xcode 9.3";
			developmentRegion = en;
			hasScannedForEncodings = 0;
			knownRegions = (
				en,
				Base,
			);
			mainGroup = CEE8743D26E818C000A269DA;
			productRefGroup = CEE8744726E818C000A269DA /* Products */;
			projectDirPath = "";
			projectRoot = "";
			targets = (
				CEE8744526E818C000A269DA /* upwards-ios-challenge */,
				FAB9C2A72AF5940900A3659D /* upwards-ios-challengeTests */,
				FAB9C2B42AF596DA00A3659D /* upwards-ios-challengeUITests */,
			);
		};
/* End PBXProject section */

/* Begin PBXResourcesBuildPhase section */
		CEE8744426E818C000A269DA /* Resources */ = {
			isa = PBXResourcesBuildPhase;
			buildActionMask = 2147483647;
			files = (
				57F720BA2D3227AE00E79626 /* APIResponse.json in Resources */,
				CEE8745626E818C500A269DA /* LaunchScreen.storyboard in Resources */,
				CEE8745326E818C500A269DA /* Assets.xcassets in Resources */,
			);
			runOnlyForDeploymentPostprocessing = 0;
		};
		FAB9C2A62AF5940900A3659D /* Resources */ = {
			isa = PBXResourcesBuildPhase;
			buildActionMask = 2147483647;
			files = (
			);
			runOnlyForDeploymentPostprocessing = 0;
		};
		FAB9C2B32AF596DA00A3659D /* Resources */ = {
			isa = PBXResourcesBuildPhase;
			buildActionMask = 2147483647;
			files = (
			);
			runOnlyForDeploymentPostprocessing = 0;
		};
/* End PBXResourcesBuildPhase section */

/* Begin PBXShellScriptBuildPhase section */
		8107CF4D63E57206E6A5F6E2 /* [CP] Check Pods Manifest.lock */ = {
			isa = PBXShellScriptBuildPhase;
			buildActionMask = 2147483647;
			files = (
			);
			inputFileListPaths = (
			);
			inputPaths = (
				"${PODS_PODFILE_DIR_PATH}/Podfile.lock",
				"${PODS_ROOT}/Manifest.lock",
			);
			name = "[CP] Check Pods Manifest.lock";
			outputFileListPaths = (
			);
			outputPaths = (
				"$(DERIVED_FILE_DIR)/Pods-upwards-ios-challengeTests-checkManifestLockResult.txt",
			);
			runOnlyForDeploymentPostprocessing = 0;
			shellPath = /bin/sh;
			shellScript = "diff \"${PODS_PODFILE_DIR_PATH}/Podfile.lock\" \"${PODS_ROOT}/Manifest.lock\" > /dev/null\nif [ $? != 0 ] ; then\n    # print error to STDERR\n    echo \"error: The sandbox is not in sync with the Podfile.lock. Run 'pod install' or update your CocoaPods installation.\" >&2\n    exit 1\nfi\n# This output is used by Xcode 'outputs' to avoid re-running this script phase.\necho \"SUCCESS\" > \"${SCRIPT_OUTPUT_FILE_0}\"\n";
			showEnvVarsInLog = 0;
		};
		92E45104B8A023311C594FB9 /* [CP] Check Pods Manifest.lock */ = {
			isa = PBXShellScriptBuildPhase;
			buildActionMask = 2147483647;
			files = (
			);
			inputFileListPaths = (
			);
			inputPaths = (
				"${PODS_PODFILE_DIR_PATH}/Podfile.lock",
				"${PODS_ROOT}/Manifest.lock",
			);
			name = "[CP] Check Pods Manifest.lock";
			outputFileListPaths = (
			);
			outputPaths = (
				"$(DERIVED_FILE_DIR)/Pods-upwards-ios-challengeUITests-checkManifestLockResult.txt",
			);
			runOnlyForDeploymentPostprocessing = 0;
			shellPath = /bin/sh;
			shellScript = "diff \"${PODS_PODFILE_DIR_PATH}/Podfile.lock\" \"${PODS_ROOT}/Manifest.lock\" > /dev/null\nif [ $? != 0 ] ; then\n    # print error to STDERR\n    echo \"error: The sandbox is not in sync with the Podfile.lock. Run 'pod install' or update your CocoaPods installation.\" >&2\n    exit 1\nfi\n# This output is used by Xcode 'outputs' to avoid re-running this script phase.\necho \"SUCCESS\" > \"${SCRIPT_OUTPUT_FILE_0}\"\n";
			showEnvVarsInLog = 0;
		};
		E2696E0804F1A732FC139B15 /* [CP] Copy Pods Resources */ = {
			isa = PBXShellScriptBuildPhase;
			buildActionMask = 2147483647;
			files = (
			);
			inputFileListPaths = (
				"${PODS_ROOT}/Target Support Files/Pods-upwards-ios-challengeTests/Pods-upwards-ios-challengeTests-resources-${CONFIGURATION}-input-files.xcfilelist",
			);
			name = "[CP] Copy Pods Resources";
			outputFileListPaths = (
				"${PODS_ROOT}/Target Support Files/Pods-upwards-ios-challengeTests/Pods-upwards-ios-challengeTests-resources-${CONFIGURATION}-output-files.xcfilelist",
			);
			runOnlyForDeploymentPostprocessing = 0;
			shellPath = /bin/sh;
			shellScript = "\"${PODS_ROOT}/Target Support Files/Pods-upwards-ios-challengeTests/Pods-upwards-ios-challengeTests-resources.sh\"\n";
			showEnvVarsInLog = 0;
		};
/* End PBXShellScriptBuildPhase section */

/* Begin PBXSourcesBuildPhase section */
		CEE8744226E818C000A269DA /* Sources */ = {
			isa = PBXSourcesBuildPhase;
			buildActionMask = 2147483647;
			files = (
				57F7207F2D2E107100E79626 /* Result.swift in Sources */,
				CED2A3DE26EFA89C0093C1F3 /* Request.swift in Sources */,
				CED2A3E426EFA9610093C1F3 /* ITunesAPI.swift in Sources */,
				57F7208F2D2E234100E79626 /* AlbumsRepositoryDataProvider.swift in Sources */,
				CED2A3F526F017330093C1F3 /* Network.swift in Sources */,
				57F720972D305BE800E79626 /* APIResponseDataObject.swift in Sources */,
				57F720992D306FFB00E79626 /* CachedAsyncImage.swift in Sources */,
				57F720842D2E168C00E79626 /* TopAlbumsViewModel.swift in Sources */,
				CED2A3E626EFAA5C0093C1F3 /* Album.swift in Sources */,
				CEE8744A26E818C000A269DA /* App.swift in Sources */,
				57F720AE2D31E87300E79626 /* View.swift in Sources */,
				57F720AA2D31E3D700E79626 /* AlbumDetailView.swift in Sources */,
				57F720812D2E160F00E79626 /* TopAlbumsView.swift in Sources */,
				57F720912D2E35DA00E79626 /* AlbumCellView.swift in Sources */,
				57F720B22D31F68100E79626 /* Date.swift in Sources */,
				CED2A3E826EFABD10093C1F3 /* APIRequest.swift in Sources */,
				57F720C02D322FCC00E79626 /* AlbumCellViewModel.swift in Sources */,
				57F7207D2D2E0F6B00E79626 /* AppLog.swift in Sources */,
				57F720942D2F0A0A00E79626 /* SortOrder.swift in Sources */,
				57F720BC2D32282A00E79626 /* CodableHelper.swift in Sources */,
				57F720872D2E179200E79626 /* AlbumsRepository.swift in Sources */,
			);
			runOnlyForDeploymentPostprocessing = 0;
		};
		FAB9C2A42AF5940900A3659D /* Sources */ = {
			isa = PBXSourcesBuildPhase;
			buildActionMask = 2147483647;
			files = (
				57F720B62D31FE1C00E79626 /* AlbumTests.swift in Sources */,
				FAB9C2AB2AF5940900A3659D /* AlbumsRepositoryDataProviderTests.swift in Sources */,
				57F720B82D31FE7000E79626 /* Stubbable.swift in Sources */,
				57F720B42D31F6D500E79626 /* DateExtensionTests.swift in Sources */,
			);
			runOnlyForDeploymentPostprocessing = 0;
		};
		FAB9C2B12AF596DA00A3659D /* Sources */ = {
			isa = PBXSourcesBuildPhase;
			buildActionMask = 2147483647;
			files = (
				FAB9C2B82AF596DA00A3659D /* upwards_ios_challengeUITests.swift in Sources */,
				FAB9C2BA2AF596DA00A3659D /* upwards_ios_challengeUITestsLaunchTests.swift in Sources */,
			);
			runOnlyForDeploymentPostprocessing = 0;
		};
/* End PBXSourcesBuildPhase section */

/* Begin PBXTargetDependency section */
		FAB9C2AD2AF5940900A3659D /* PBXTargetDependency */ = {
			isa = PBXTargetDependency;
			target = CEE8744526E818C000A269DA /* upwards-ios-challenge */;
			targetProxy = FAB9C2AC2AF5940900A3659D /* PBXContainerItemProxy */;
		};
		FAB9C2BC2AF596DA00A3659D /* PBXTargetDependency */ = {
			isa = PBXTargetDependency;
			target = CEE8744526E818C000A269DA /* upwards-ios-challenge */;
			targetProxy = FAB9C2BB2AF596DA00A3659D /* PBXContainerItemProxy */;
		};
/* End PBXTargetDependency section */

/* Begin PBXVariantGroup section */
		CEE8745426E818C500A269DA /* LaunchScreen.storyboard */ = {
			isa = PBXVariantGroup;
			children = (
				CEE8745526E818C500A269DA /* Base */,
			);
			name = LaunchScreen.storyboard;
			sourceTree = "<group>";
		};
/* End PBXVariantGroup section */

/* Begin XCBuildConfiguration section */
		CEE8745826E818C500A269DA /* Debug */ = {
			isa = XCBuildConfiguration;
			buildSettings = {
				ALWAYS_SEARCH_USER_PATHS = NO;
				CLANG_ANALYZER_NONNULL = YES;
				CLANG_ANALYZER_NUMBER_OBJECT_CONVERSION = YES_AGGRESSIVE;
				CLANG_CXX_LANGUAGE_STANDARD = "gnu++14";
				CLANG_CXX_LIBRARY = "libc++";
				CLANG_ENABLE_MODULES = YES;
				CLANG_ENABLE_OBJC_ARC = YES;
				CLANG_ENABLE_OBJC_WEAK = YES;
				CLANG_WARN_BLOCK_CAPTURE_AUTORELEASING = YES;
				CLANG_WARN_BOOL_CONVERSION = YES;
				CLANG_WARN_COMMA = YES;
				CLANG_WARN_CONSTANT_CONVERSION = YES;
				CLANG_WARN_DEPRECATED_OBJC_IMPLEMENTATIONS = YES;
				CLANG_WARN_DIRECT_OBJC_ISA_USAGE = YES_ERROR;
				CLANG_WARN_DOCUMENTATION_COMMENTS = YES;
				CLANG_WARN_EMPTY_BODY = YES;
				CLANG_WARN_ENUM_CONVERSION = YES;
				CLANG_WARN_INFINITE_RECURSION = YES;
				CLANG_WARN_INT_CONVERSION = YES;
				CLANG_WARN_NON_LITERAL_NULL_CONVERSION = YES;
				CLANG_WARN_OBJC_IMPLICIT_RETAIN_SELF = YES;
				CLANG_WARN_OBJC_LITERAL_CONVERSION = YES;
				CLANG_WARN_OBJC_ROOT_CLASS = YES_ERROR;
				CLANG_WARN_QUOTED_INCLUDE_IN_FRAMEWORK_HEADER = YES;
				CLANG_WARN_RANGE_LOOP_ANALYSIS = YES;
				CLANG_WARN_STRICT_PROTOTYPES = YES;
				CLANG_WARN_SUSPICIOUS_MOVE = YES;
				CLANG_WARN_UNGUARDED_AVAILABILITY = YES_AGGRESSIVE;
				CLANG_WARN_UNREACHABLE_CODE = YES;
				CLANG_WARN__DUPLICATE_METHOD_MATCH = YES;
				COPY_PHASE_STRIP = NO;
				DEBUG_INFORMATION_FORMAT = dwarf;
				ENABLE_STRICT_OBJC_MSGSEND = YES;
				ENABLE_TESTABILITY = YES;
				GCC_C_LANGUAGE_STANDARD = gnu11;
				GCC_DYNAMIC_NO_PIC = NO;
				GCC_NO_COMMON_BLOCKS = YES;
				GCC_OPTIMIZATION_LEVEL = 0;
				GCC_PREPROCESSOR_DEFINITIONS = (
					"DEBUG=1",
					"$(inherited)",
				);
				GCC_WARN_64_TO_32_BIT_CONVERSION = YES;
				GCC_WARN_ABOUT_RETURN_TYPE = YES_ERROR;
				GCC_WARN_UNDECLARED_SELECTOR = YES;
				GCC_WARN_UNINITIALIZED_AUTOS = YES_AGGRESSIVE;
				GCC_WARN_UNUSED_FUNCTION = YES;
				GCC_WARN_UNUSED_VARIABLE = YES;
				IPHONEOS_DEPLOYMENT_TARGET = 14.5;
				MTL_ENABLE_DEBUG_INFO = INCLUDE_SOURCE;
				MTL_FAST_MATH = YES;
				ONLY_ACTIVE_ARCH = YES;
				SDKROOT = iphoneos;
				SWIFT_ACTIVE_COMPILATION_CONDITIONS = DEBUG;
				SWIFT_OPTIMIZATION_LEVEL = "-Onone";
			};
			name = Debug;
		};
		CEE8745926E818C500A269DA /* Release */ = {
			isa = XCBuildConfiguration;
			buildSettings = {
				ALWAYS_SEARCH_USER_PATHS = NO;
				CLANG_ANALYZER_NONNULL = YES;
				CLANG_ANALYZER_NUMBER_OBJECT_CONVERSION = YES_AGGRESSIVE;
				CLANG_CXX_LANGUAGE_STANDARD = "gnu++14";
				CLANG_CXX_LIBRARY = "libc++";
				CLANG_ENABLE_MODULES = YES;
				CLANG_ENABLE_OBJC_ARC = YES;
				CLANG_ENABLE_OBJC_WEAK = YES;
				CLANG_WARN_BLOCK_CAPTURE_AUTORELEASING = YES;
				CLANG_WARN_BOOL_CONVERSION = YES;
				CLANG_WARN_COMMA = YES;
				CLANG_WARN_CONSTANT_CONVERSION = YES;
				CLANG_WARN_DEPRECATED_OBJC_IMPLEMENTATIONS = YES;
				CLANG_WARN_DIRECT_OBJC_ISA_USAGE = YES_ERROR;
				CLANG_WARN_DOCUMENTATION_COMMENTS = YES;
				CLANG_WARN_EMPTY_BODY = YES;
				CLANG_WARN_ENUM_CONVERSION = YES;
				CLANG_WARN_INFINITE_RECURSION = YES;
				CLANG_WARN_INT_CONVERSION = YES;
				CLANG_WARN_NON_LITERAL_NULL_CONVERSION = YES;
				CLANG_WARN_OBJC_IMPLICIT_RETAIN_SELF = YES;
				CLANG_WARN_OBJC_LITERAL_CONVERSION = YES;
				CLANG_WARN_OBJC_ROOT_CLASS = YES_ERROR;
				CLANG_WARN_QUOTED_INCLUDE_IN_FRAMEWORK_HEADER = YES;
				CLANG_WARN_RANGE_LOOP_ANALYSIS = YES;
				CLANG_WARN_STRICT_PROTOTYPES = YES;
				CLANG_WARN_SUSPICIOUS_MOVE = YES;
				CLANG_WARN_UNGUARDED_AVAILABILITY = YES_AGGRESSIVE;
				CLANG_WARN_UNREACHABLE_CODE = YES;
				CLANG_WARN__DUPLICATE_METHOD_MATCH = YES;
				COPY_PHASE_STRIP = NO;
				DEBUG_INFORMATION_FORMAT = "dwarf-with-dsym";
				ENABLE_NS_ASSERTIONS = NO;
				ENABLE_STRICT_OBJC_MSGSEND = YES;
				GCC_C_LANGUAGE_STANDARD = gnu11;
				GCC_NO_COMMON_BLOCKS = YES;
				GCC_WARN_64_TO_32_BIT_CONVERSION = YES;
				GCC_WARN_ABOUT_RETURN_TYPE = YES_ERROR;
				GCC_WARN_UNDECLARED_SELECTOR = YES;
				GCC_WARN_UNINITIALIZED_AUTOS = YES_AGGRESSIVE;
				GCC_WARN_UNUSED_FUNCTION = YES;
				GCC_WARN_UNUSED_VARIABLE = YES;
				IPHONEOS_DEPLOYMENT_TARGET = 14.5;
				MTL_ENABLE_DEBUG_INFO = NO;
				MTL_FAST_MATH = YES;
				SDKROOT = iphoneos;
				SWIFT_COMPILATION_MODE = wholemodule;
				SWIFT_OPTIMIZATION_LEVEL = "-O";
				VALIDATE_PRODUCT = YES;
			};
			name = Release;
		};
		CEE8745B26E818C500A269DA /* Debug */ = {
			isa = XCBuildConfiguration;
			buildSettings = {
				ASSETCATALOG_COMPILER_APPICON_NAME = AppIcon;
				ASSETCATALOG_COMPILER_GLOBAL_ACCENT_COLOR_NAME = AccentColor;
				CODE_SIGN_STYLE = Automatic;
				DEVELOPMENT_TEAM = C25K9LS5G2;
				INFOPLIST_FILE = "upwards-ios-challenge/Info.plist";
				IPHONEOS_DEPLOYMENT_TARGET = 17;
				LD_RUNPATH_SEARCH_PATHS = (
					"$(inherited)",
					"@executable_path/Frameworks",
				);
				PRODUCT_BUNDLE_IDENTIFIER = "com.weecare.upwards-ios-challenge";
				PRODUCT_NAME = "$(TARGET_NAME)";
				SWIFT_VERSION = 5.0;
				TARGETED_DEVICE_FAMILY = "1,2";
			};
			name = Debug;
		};
		CEE8745C26E818C500A269DA /* Release */ = {
			isa = XCBuildConfiguration;
			buildSettings = {
				ASSETCATALOG_COMPILER_APPICON_NAME = AppIcon;
				ASSETCATALOG_COMPILER_GLOBAL_ACCENT_COLOR_NAME = AccentColor;
				CODE_SIGN_STYLE = Automatic;
				DEVELOPMENT_TEAM = C25K9LS5G2;
				INFOPLIST_FILE = "upwards-ios-challenge/Info.plist";
				IPHONEOS_DEPLOYMENT_TARGET = 17;
				LD_RUNPATH_SEARCH_PATHS = (
					"$(inherited)",
					"@executable_path/Frameworks",
				);
				PRODUCT_BUNDLE_IDENTIFIER = "com.weecare.upwards-ios-challenge";
				PRODUCT_NAME = "$(TARGET_NAME)";
				SWIFT_VERSION = 5.0;
				TARGETED_DEVICE_FAMILY = "1,2";
			};
			name = Release;
		};
		FAB9C2AE2AF5940900A3659D /* Debug */ = {
			isa = XCBuildConfiguration;
			baseConfigurationReference = 6BF2C92DCC29218ED3B71D0F /* Pods-upwards-ios-challengeTests.debug.xcconfig */;
			buildSettings = {
				BUNDLE_LOADER = "$(TEST_HOST)";
				CLANG_CXX_LANGUAGE_STANDARD = "gnu++20";
				CODE_SIGN_STYLE = Automatic;
				CURRENT_PROJECT_VERSION = 1;
				DEVELOPMENT_TEAM = C25K9LS5G2;
				GENERATE_INFOPLIST_FILE = YES;
				IPHONEOS_DEPLOYMENT_TARGET = 17.0;
				MARKETING_VERSION = 1.0;
				PRODUCT_BUNDLE_IDENTIFIER = "com.upwards.upwards-ios-challengeTests";
				PRODUCT_NAME = "$(TARGET_NAME)";
				SUPPORTED_PLATFORMS = "iphoneos iphonesimulator macosx";
				SUPPORTS_MACCATALYST = NO;
				SUPPORTS_MAC_DESIGNED_FOR_IPHONE_IPAD = NO;
				SWIFT_EMIT_LOC_STRINGS = NO;
				SWIFT_VERSION = 5.0;
				TARGETED_DEVICE_FAMILY = "1,2";
				TEST_HOST = "$(BUILT_PRODUCTS_DIR)/upwards-ios-challenge.app/$(BUNDLE_EXECUTABLE_FOLDER_PATH)/upwards-ios-challenge";
			};
			name = Debug;
		};
		FAB9C2AF2AF5940900A3659D /* Release */ = {
			isa = XCBuildConfiguration;
			baseConfigurationReference = EDAFDB70922D5A3ABA97F815 /* Pods-upwards-ios-challengeTests.release.xcconfig */;
			buildSettings = {
				BUNDLE_LOADER = "$(TEST_HOST)";
				CLANG_CXX_LANGUAGE_STANDARD = "gnu++20";
				CODE_SIGN_STYLE = Automatic;
				CURRENT_PROJECT_VERSION = 1;
				DEVELOPMENT_TEAM = C25K9LS5G2;
				GENERATE_INFOPLIST_FILE = YES;
				IPHONEOS_DEPLOYMENT_TARGET = 17.0;
				MARKETING_VERSION = 1.0;
				PRODUCT_BUNDLE_IDENTIFIER = "com.upwards.upwards-ios-challengeTests";
				PRODUCT_NAME = "$(TARGET_NAME)";
				SUPPORTED_PLATFORMS = "iphoneos iphonesimulator macosx";
				SUPPORTS_MACCATALYST = NO;
				SUPPORTS_MAC_DESIGNED_FOR_IPHONE_IPAD = NO;
				SWIFT_EMIT_LOC_STRINGS = NO;
				SWIFT_VERSION = 5.0;
				TARGETED_DEVICE_FAMILY = "1,2";
				TEST_HOST = "$(BUILT_PRODUCTS_DIR)/upwards-ios-challenge.app/$(BUNDLE_EXECUTABLE_FOLDER_PATH)/upwards-ios-challenge";
			};
			name = Release;
		};
		FAB9C2BE2AF596DA00A3659D /* Debug */ = {
			isa = XCBuildConfiguration;
			baseConfigurationReference = 42F40295B911CBA7E0AC67DE /* Pods-upwards-ios-challengeUITests.debug.xcconfig */;
			buildSettings = {
				CLANG_CXX_LANGUAGE_STANDARD = "gnu++20";
				CODE_SIGN_STYLE = Automatic;
				CURRENT_PROJECT_VERSION = 1;
				DEVELOPMENT_TEAM = C25K9LS5G2;
				GENERATE_INFOPLIST_FILE = YES;
				IPHONEOS_DEPLOYMENT_TARGET = 16.4;
				MARKETING_VERSION = 1.0;
				PRODUCT_BUNDLE_IDENTIFIER = "com.upwards.upwards-ios-challengeUITests";
				PRODUCT_NAME = "$(TARGET_NAME)";
				SWIFT_EMIT_LOC_STRINGS = NO;
				SWIFT_VERSION = 5.0;
				TARGETED_DEVICE_FAMILY = "1,2";
				TEST_TARGET_NAME = "upwards-ios-challenge";
			};
			name = Debug;
		};
		FAB9C2BF2AF596DA00A3659D /* Release */ = {
			isa = XCBuildConfiguration;
			baseConfigurationReference = 444B0ACF28AAD24A6C9D6748 /* Pods-upwards-ios-challengeUITests.release.xcconfig */;
			buildSettings = {
				CLANG_CXX_LANGUAGE_STANDARD = "gnu++20";
				CODE_SIGN_STYLE = Automatic;
				CURRENT_PROJECT_VERSION = 1;
				DEVELOPMENT_TEAM = C25K9LS5G2;
				GENERATE_INFOPLIST_FILE = YES;
				IPHONEOS_DEPLOYMENT_TARGET = 16.4;
				MARKETING_VERSION = 1.0;
				PRODUCT_BUNDLE_IDENTIFIER = "com.upwards.upwards-ios-challengeUITests";
				PRODUCT_NAME = "$(TARGET_NAME)";
				SWIFT_EMIT_LOC_STRINGS = NO;
				SWIFT_VERSION = 5.0;
				TARGETED_DEVICE_FAMILY = "1,2";
				TEST_TARGET_NAME = "upwards-ios-challenge";
			};
			name = Release;
		};
/* End XCBuildConfiguration section */

/* Begin XCConfigurationList section */
		CEE8744126E818C000A269DA /* Build configuration list for PBXProject "upwards-ios-challenge" */ = {
			isa = XCConfigurationList;
			buildConfigurations = (
				CEE8745826E818C500A269DA /* Debug */,
				CEE8745926E818C500A269DA /* Release */,
			);
			defaultConfigurationIsVisible = 0;
			defaultConfigurationName = Release;
		};
		CEE8745A26E818C500A269DA /* Build configuration list for PBXNativeTarget "upwards-ios-challenge" */ = {
			isa = XCConfigurationList;
			buildConfigurations = (
				CEE8745B26E818C500A269DA /* Debug */,
				CEE8745C26E818C500A269DA /* Release */,
			);
			defaultConfigurationIsVisible = 0;
			defaultConfigurationName = Release;
		};
		FAB9C2B02AF5940900A3659D /* Build configuration list for PBXNativeTarget "upwards-ios-challengeTests" */ = {
			isa = XCConfigurationList;
			buildConfigurations = (
				FAB9C2AE2AF5940900A3659D /* Debug */,
				FAB9C2AF2AF5940900A3659D /* Release */,
			);
			defaultConfigurationIsVisible = 0;
			defaultConfigurationName = Release;
		};
		FAB9C2BD2AF596DA00A3659D /* Build configuration list for PBXNativeTarget "upwards-ios-challengeUITests" */ = {
			isa = XCConfigurationList;
			buildConfigurations = (
				FAB9C2BE2AF596DA00A3659D /* Debug */,
				FAB9C2BF2AF596DA00A3659D /* Release */,
			);
			defaultConfigurationIsVisible = 0;
			defaultConfigurationName = Release;
		};
/* End XCConfigurationList section */
	};
	rootObject = CEE8743E26E818C000A269DA /* Project object */;
}
